// !$*UTF8*$!
{
	archiveVersion = 1;
	classes = {
	};
	objectVersion = 55;
	objects = {

/* Begin PBXBuildFile section */
		49A1114527EE4B31000D22C1 /* Scrumdinger_SOApp.swift in Sources */ = {isa = PBXBuildFile; fileRef = 49A1114427EE4B31000D22C1 /* Scrumdinger_SOApp.swift */; };
		49A1114727EE4B31000D22C1 /* MeetingView.swift in Sources */ = {isa = PBXBuildFile; fileRef = 49A1114627EE4B31000D22C1 /* MeetingView.swift */; };
		49A1114927EE4B32000D22C1 /* Assets.xcassets in Resources */ = {isa = PBXBuildFile; fileRef = 49A1114827EE4B32000D22C1 /* Assets.xcassets */; };
		49A1114C27EE4B32000D22C1 /* Preview Assets.xcassets in Resources */ = {isa = PBXBuildFile; fileRef = 49A1114B27EE4B32000D22C1 /* Preview Assets.xcassets */; };
		49A1115427EE52BD000D22C1 /* Theme.swift in Sources */ = {isa = PBXBuildFile; fileRef = 49A1115327EE52BD000D22C1 /* Theme.swift */; };
		49A1115627EE556F000D22C1 /* DailyScrum.swift in Sources */ = {isa = PBXBuildFile; fileRef = 49A1115527EE556F000D22C1 /* DailyScrum.swift */; };
		49A1115827EE58BF000D22C1 /* CardView.swift in Sources */ = {isa = PBXBuildFile; fileRef = 49A1115727EE58BF000D22C1 /* CardView.swift */; };
		49A1115A27EE5BE8000D22C1 /* TrailingIconLabelStyle.swift in Sources */ = {isa = PBXBuildFile; fileRef = 49A1115927EE5BE8000D22C1 /* TrailingIconLabelStyle.swift */; };
		49A1115C27EE6E24000D22C1 /* ScrumsView.swift in Sources */ = {isa = PBXBuildFile; fileRef = 49A1115B27EE6E24000D22C1 /* ScrumsView.swift */; };
		49A1115E27EE7318000D22C1 /* DetailView.swift in Sources */ = {isa = PBXBuildFile; fileRef = 49A1115D27EE7318000D22C1 /* DetailView.swift */; };
/* End PBXBuildFile section */

/* Begin PBXFileReference section */
		49A1114127EE4B31000D22C1 /* Scrumdinger-SO.app */ = {isa = PBXFileReference; explicitFileType = wrapper.application; includeInIndex = 0; path = "Scrumdinger-SO.app"; sourceTree = BUILT_PRODUCTS_DIR; };
		49A1114427EE4B31000D22C1 /* Scrumdinger_SOApp.swift */ = {isa = PBXFileReference; lastKnownFileType = sourcecode.swift; path = Scrumdinger_SOApp.swift; sourceTree = "<group>"; };
		49A1114627EE4B31000D22C1 /* MeetingView.swift */ = {isa = PBXFileReference; lastKnownFileType = sourcecode.swift; path = MeetingView.swift; sourceTree = "<group>"; };
		49A1114827EE4B32000D22C1 /* Assets.xcassets */ = {isa = PBXFileReference; lastKnownFileType = folder.assetcatalog; path = Assets.xcassets; sourceTree = "<group>"; };
		49A1114B27EE4B32000D22C1 /* Preview Assets.xcassets */ = {isa = PBXFileReference; lastKnownFileType = folder.assetcatalog; path = "Preview Assets.xcassets"; sourceTree = "<group>"; };
		49A1115327EE52BD000D22C1 /* Theme.swift */ = {isa = PBXFileReference; lastKnownFileType = sourcecode.swift; path = Theme.swift; sourceTree = "<group>"; };
		49A1115527EE556F000D22C1 /* DailyScrum.swift */ = {isa = PBXFileReference; lastKnownFileType = sourcecode.swift; path = DailyScrum.swift; sourceTree = "<group>"; };
		49A1115727EE58BF000D22C1 /* CardView.swift */ = {isa = PBXFileReference; lastKnownFileType = sourcecode.swift; path = CardView.swift; sourceTree = "<group>"; };
		49A1115927EE5BE8000D22C1 /* TrailingIconLabelStyle.swift */ = {isa = PBXFileReference; lastKnownFileType = sourcecode.swift; name = TrailingIconLabelStyle.swift; path = "Scrumdinger-SO/TrailingIconLabelStyle.swift"; sourceTree = SOURCE_ROOT; };
		49A1115B27EE6E24000D22C1 /* ScrumsView.swift */ = {isa = PBXFileReference; lastKnownFileType = sourcecode.swift; path = ScrumsView.swift; sourceTree = "<group>"; };
		49A1115D27EE7318000D22C1 /* DetailView.swift */ = {isa = PBXFileReference; lastKnownFileType = sourcecode.swift; path = DetailView.swift; sourceTree = "<group>"; };
/* End PBXFileReference section */

/* Begin PBXFrameworksBuildPhase section */
		49A1113E27EE4B31000D22C1 /* Frameworks */ = {
			isa = PBXFrameworksBuildPhase;
			buildActionMask = 2147483647;
			files = (
			);
			runOnlyForDeploymentPostprocessing = 0;
		};
/* End PBXFrameworksBuildPhase section */

/* Begin PBXGroup section */
		49A1113827EE4B31000D22C1 = {
			isa = PBXGroup;
			children = (
				49A1114327EE4B31000D22C1 /* Scrumdinger-SO */,
				49A1114227EE4B31000D22C1 /* Products */,
			);
			sourceTree = "<group>";
		};
		49A1114227EE4B31000D22C1 /* Products */ = {
			isa = PBXGroup;
			children = (
				49A1114127EE4B31000D22C1 /* Scrumdinger-SO.app */,
			);
			name = Products;
			sourceTree = "<group>";
		};
		49A1114327EE4B31000D22C1 /* Scrumdinger-SO */ = {
			isa = PBXGroup;
			children = (
				49A1114427EE4B31000D22C1 /* Scrumdinger_SOApp.swift */,
				49A1115227EE52B2000D22C1 /* Models */,
				49A1114627EE4B31000D22C1 /* MeetingView.swift */,
				49A1115727EE58BF000D22C1 /* CardView.swift */,
				49A1115B27EE6E24000D22C1 /* ScrumsView.swift */,
				49A1115D27EE7318000D22C1 /* DetailView.swift */,
				49A1114827EE4B32000D22C1 /* Assets.xcassets */,
				49A1114A27EE4B32000D22C1 /* Preview Content */,
			);
			path = "Scrumdinger-SO";
			sourceTree = "<group>";
		};
		49A1114A27EE4B32000D22C1 /* Preview Content */ = {
			isa = PBXGroup;
			children = (
				49A1114B27EE4B32000D22C1 /* Preview Assets.xcassets */,
			);
			path = "Preview Content";
			sourceTree = "<group>";
		};
		49A1115227EE52B2000D22C1 /* Models */ = {
			isa = PBXGroup;
			children = (
				49A1115927EE5BE8000D22C1 /* TrailingIconLabelStyle.swift */,
				49A1115327EE52BD000D22C1 /* Theme.swift */,
				49A1115527EE556F000D22C1 /* DailyScrum.swift */,
			);
			path = Models;
			sourceTree = "<group>";
		};
/* End PBXGroup section */

/* Begin PBXNativeTarget section */
		49A1114027EE4B31000D22C1 /* Scrumdinger-SO */ = {
			isa = PBXNativeTarget;
			buildConfigurationList = 49A1114F27EE4B32000D22C1 /* Build configuration list for PBXNativeTarget "Scrumdinger-SO" */;
			buildPhases = (
				49A1113D27EE4B31000D22C1 /* Sources */,
				49A1113E27EE4B31000D22C1 /* Frameworks */,
				49A1113F27EE4B31000D22C1 /* Resources */,
			);
			buildRules = (
			);
			dependencies = (
			);
			name = "Scrumdinger-SO";
			productName = "Scrumdinger-SO";
			productReference = 49A1114127EE4B31000D22C1 /* Scrumdinger-SO.app */;
			productType = "com.apple.product-type.application";
		};
/* End PBXNativeTarget section */

/* Begin PBXProject section */
		49A1113927EE4B31000D22C1 /* Project object */ = {
			isa = PBXProject;
			attributes = {
				BuildIndependentTargetsInParallel = 1;
				LastSwiftUpdateCheck = 1320;
				LastUpgradeCheck = 1320;
				TargetAttributes = {
					49A1114027EE4B31000D22C1 = {
						CreatedOnToolsVersion = 13.2.1;
					};
				};
			};
			buildConfigurationList = 49A1113C27EE4B31000D22C1 /* Build configuration list for PBXProject "Scrumdinger-SO" */;
			compatibilityVersion = "Xcode 13.0";
			developmentRegion = en;
			hasScannedForEncodings = 0;
			knownRegions = (
				en,
				Base,
			);
			mainGroup = 49A1113827EE4B31000D22C1;
			productRefGroup = 49A1114227EE4B31000D22C1 /* Products */;
			projectDirPath = "";
			projectRoot = "";
			targets = (
				49A1114027EE4B31000D22C1 /* Scrumdinger-SO */,
			);
		};
/* End PBXProject section */

/* Begin PBXResourcesBuildPhase section */
		49A1113F27EE4B31000D22C1 /* Resources */ = {
			isa = PBXResourcesBuildPhase;
			buildActionMask = 2147483647;
			files = (
				49A1114C27EE4B32000D22C1 /* Preview Assets.xcassets in Resources */,
				49A1114927EE4B32000D22C1 /* Assets.xcassets in Resources */,
			);
			runOnlyForDeploymentPostprocessing = 0;
		};
/* End PBXResourcesBuildPhase section */

/* Begin PBXSourcesBuildPhase section */
		49A1113D27EE4B31000D22C1 /* Sources */ = {
			isa = PBXSourcesBuildPhase;
			buildActionMask = 2147483647;
			files = (
				49A1115627EE556F000D22C1 /* DailyScrum.swift in Sources */,
				49A1115E27EE7318000D22C1 /* DetailView.swift in Sources */,
				49A1115A27EE5BE8000D22C1 /* TrailingIconLabelStyle.swift in Sources */,
				49A1115427EE52BD000D22C1 /* Theme.swift in Sources */,
				49A1115C27EE6E24000D22C1 /* ScrumsView.swift in Sources */,
				49A1114727EE4B31000D22C1 /* MeetingView.swift in Sources */,
				49A1114527EE4B31000D22C1 /* Scrumdinger_SOApp.swift in Sources */,
				49A1115827EE58BF000D22C1 /* CardView.swift in Sources */,
			);
			runOnlyForDeploymentPostprocessing = 0;
		};
/* End PBXSourcesBuildPhase section */

/* Begin XCBuildConfiguration section */
		49A1114D27EE4B32000D22C1 /* Debug */ = {
			isa = XCBuildConfiguration;
			buildSettings = {
				ALWAYS_SEARCH_USER_PATHS = NO;
				CLANG_ANALYZER_NONNULL = YES;
				CLANG_ANALYZER_NUMBER_OBJECT_CONVERSION = YES_AGGRESSIVE;
				CLANG_CXX_LANGUAGE_STANDARD = "gnu++17";
				CLANG_CXX_LIBRARY = "libc++";
				CLANG_ENABLE_MODULES = YES;
				CLANG_ENABLE_OBJC_ARC = YES;
				CLANG_ENABLE_OBJC_WEAK = YES;
				CLANG_WARN_BLOCK_CAPTURE_AUTORELEASING = YES;
				CLANG_WARN_BOOL_CONVERSION = YES;
				CLANG_WARN_COMMA = YES;
				CLANG_WARN_CONSTANT_CONVERSION = YES;
				CLANG_WARN_DEPRECATED_OBJC_IMPLEMENTATIONS = YES;
				CLANG_WARN_DIRECT_OBJC_ISA_USAGE = YES_ERROR;
				CLANG_WARN_DOCUMENTATION_COMMENTS = YES;
				CLANG_WARN_EMPTY_BODY = YES;
				CLANG_WARN_ENUM_CONVERSION = YES;
				CLANG_WARN_INFINITE_RECURSION = YES;
				CLANG_WARN_INT_CONVERSION = YES;
				CLANG_WARN_NON_LITERAL_NULL_CONVERSION = YES;
				CLANG_WARN_OBJC_IMPLICIT_RETAIN_SELF = YES;
				CLANG_WARN_OBJC_LITERAL_CONVERSION = YES;
				CLANG_WARN_OBJC_ROOT_CLASS = YES_ERROR;
				CLANG_WARN_QUOTED_INCLUDE_IN_FRAMEWORK_HEADER = YES;
				CLANG_WARN_RANGE_LOOP_ANALYSIS = YES;
				CLANG_WARN_STRICT_PROTOTYPES = YES;
				CLANG_WARN_SUSPICIOUS_MOVE = YES;
				CLANG_WARN_UNGUARDED_AVAILABILITY = YES_AGGRESSIVE;
				CLANG_WARN_UNREACHABLE_CODE = YES;
				CLANG_WARN__DUPLICATE_METHOD_MATCH = YES;
				COPY_PHASE_STRIP = NO;
				DEBUG_INFORMATION_FORMAT = dwarf;
				ENABLE_STRICT_OBJC_MSGSEND = YES;
				ENABLE_TESTABILITY = YES;
				GCC_C_LANGUAGE_STANDARD = gnu11;
				GCC_DYNAMIC_NO_PIC = NO;
				GCC_NO_COMMON_BLOCKS = YES;
				GCC_OPTIMIZATION_LEVEL = 0;
				GCC_PREPROCESSOR_DEFINITIONS = (
					"DEBUG=1",
					"$(inherited)",
				);
				GCC_WARN_64_TO_32_BIT_CONVERSION = YES;
				GCC_WARN_ABOUT_RETURN_TYPE = YES_ERROR;
				GCC_WARN_UNDECLARED_SELECTOR = YES;
				GCC_WARN_UNINITIALIZED_AUTOS = YES_AGGRESSIVE;
				GCC_WARN_UNUSED_FUNCTION = YES;
				GCC_WARN_UNUSED_VARIABLE = YES;
				IPHONEOS_DEPLOYMENT_TARGET = 15.2;
				MTL_ENABLE_DEBUG_INFO = INCLUDE_SOURCE;
				MTL_FAST_MATH = YES;
				ONLY_ACTIVE_ARCH = YES;
				SDKROOT = iphoneos;
				SWIFT_ACTIVE_COMPILATION_CONDITIONS = DEBUG;
				SWIFT_OPTIMIZATION_LEVEL = "-Onone";
			};
			name = Debug;
		};
		49A1114E27EE4B32000D22C1 /* Release */ = {
			isa = XCBuildConfiguration;
			buildSettings = {
				ALWAYS_SEARCH_USER_PATHS = NO;
				CLANG_ANALYZER_NONNULL = YES;
				CLANG_ANALYZER_NUMBER_OBJECT_CONVERSION = YES_AGGRESSIVE;
				CLANG_CXX_LANGUAGE_STANDARD = "gnu++17";
				CLANG_CXX_LIBRARY = "libc++";
				CLANG_ENABLE_MODULES = YES;
				CLANG_ENABLE_OBJC_ARC = YES;
				CLANG_ENABLE_OBJC_WEAK = YES;
				CLANG_WARN_BLOCK_CAPTURE_AUTORELEASING = YES;
				CLANG_WARN_BOOL_CONVERSION = YES;
				CLANG_WARN_COMMA = YES;
				CLANG_WARN_CONSTANT_CONVERSION = YES;
				CLANG_WARN_DEPRECATED_OBJC_IMPLEMENTATIONS = YES;
				CLANG_WARN_DIRECT_OBJC_ISA_USAGE = YES_ERROR;
				CLANG_WARN_DOCUMENTATION_COMMENTS = YES;
				CLANG_WARN_EMPTY_BODY = YES;
				CLANG_WARN_ENUM_CONVERSION = YES;
				CLANG_WARN_INFINITE_RECURSION = YES;
				CLANG_WARN_INT_CONVERSION = YES;
				CLANG_WARN_NON_LITERAL_NULL_CONVERSION = YES;
				CLANG_WARN_OBJC_IMPLICIT_RETAIN_SELF = YES;
				CLANG_WARN_OBJC_LITERAL_CONVERSION = YES;
				CLANG_WARN_OBJC_ROOT_CLASS = YES_ERROR;
				CLANG_WARN_QUOTED_INCLUDE_IN_FRAMEWORK_HEADER = YES;
				CLANG_WARN_RANGE_LOOP_ANALYSIS = YES;
				CLANG_WARN_STRICT_PROTOTYPES = YES;
				CLANG_WARN_SUSPICIOUS_MOVE = YES;
				CLANG_WARN_UNGUARDED_AVAILABILITY = YES_AGGRESSIVE;
				CLANG_WARN_UNREACHABLE_CODE = YES;
				CLANG_WARN__DUPLICATE_METHOD_MATCH = YES;
				COPY_PHASE_STRIP = NO;
				DEBUG_INFORMATION_FORMAT = "dwarf-with-dsym";
				ENABLE_NS_ASSERTIONS = NO;
				ENABLE_STRICT_OBJC_MSGSEND = YES;
				GCC_C_LANGUAGE_STANDARD = gnu11;
				GCC_NO_COMMON_BLOCKS = YES;
				GCC_WARN_64_TO_32_BIT_CONVERSION = YES;
				GCC_WARN_ABOUT_RETURN_TYPE = YES_ERROR;
				GCC_WARN_UNDECLARED_SELECTOR = YES;
				GCC_WARN_UNINITIALIZED_AUTOS = YES_AGGRESSIVE;
				GCC_WARN_UNUSED_FUNCTION = YES;
				GCC_WARN_UNUSED_VARIABLE = YES;
				IPHONEOS_DEPLOYMENT_TARGET = 15.2;
				MTL_ENABLE_DEBUG_INFO = NO;
				MTL_FAST_MATH = YES;
				SDKROOT = iphoneos;
				SWIFT_COMPILATION_MODE = wholemodule;
				SWIFT_OPTIMIZATION_LEVEL = "-O";
				VALIDATE_PRODUCT = YES;
			};
			name = Release;
		};
		49A1115027EE4B32000D22C1 /* Debug */ = {
			isa = XCBuildConfiguration;
			buildSettings = {
				ASSETCATALOG_COMPILER_APPICON_NAME = AppIcon;
				ASSETCATALOG_COMPILER_GLOBAL_ACCENT_COLOR_NAME = AccentColor;
				CODE_SIGN_STYLE = Automatic;
				CURRENT_PROJECT_VERSION = 1;
				DEVELOPMENT_ASSET_PATHS = "\"Scrumdinger-SO/Preview Content\"";
				DEVELOPMENT_TEAM = X92A6859RQ;
				ENABLE_PREVIEWS = YES;
				GENERATE_INFOPLIST_FILE = YES;
				INFOPLIST_KEY_UIApplicationSceneManifest_Generation = YES;
				INFOPLIST_KEY_UIApplicationSupportsIndirectInputEvents = YES;
				INFOPLIST_KEY_UILaunchScreen_Generation = YES;
				INFOPLIST_KEY_UISupportedInterfaceOrientations_iPad = "UIInterfaceOrientationPortrait UIInterfaceOrientationPortraitUpsideDown UIInterfaceOrientationLandscapeLeft UIInterfaceOrientationLandscapeRight";
				INFOPLIST_KEY_UISupportedInterfaceOrientations_iPhone = "UIInterfaceOrientationPortrait UIInterfaceOrientationLandscapeLeft UIInterfaceOrientationLandscapeRight";
				LD_RUNPATH_SEARCH_PATHS = (
					"$(inherited)",
					"@executable_path/Frameworks",
				);
				MARKETING_VERSION = 1.0;
				PRODUCT_BUNDLE_IDENTIFIER = "com.xpaso.Scrumdinger-SO";
				PRODUCT_NAME = "$(TARGET_NAME)";
				SWIFT_EMIT_LOC_STRINGS = YES;
				SWIFT_VERSION = 5.0;
				TARGETED_DEVICE_FAMILY = "1,2";
			};
			name = Debug;
		};
		49A1115127EE4B32000D22C1 /* Release */ = {
			isa = XCBuildConfiguration;
			buildSettings = {
				ASSETCATALOG_COMPILER_APPICON_NAME = AppIcon;
				ASSETCATALOG_COMPILER_GLOBAL_ACCENT_COLOR_NAME = AccentColor;
				CODE_SIGN_STYLE = Automatic;
				CURRENT_PROJECT_VERSION = 1;
				DEVELOPMENT_ASSET_PATHS = "\"Scrumdinger-SO/Preview Content\"";
				DEVELOPMENT_TEAM = X92A6859RQ;
				ENABLE_PREVIEWS = YES;
				GENERATE_INFOPLIST_FILE = YES;
				INFOPLIST_KEY_UIApplicationSceneManifest_Generation = YES;
				INFOPLIST_KEY_UIApplicationSupportsIndirectInputEvents = YES;
				INFOPLIST_KEY_UILaunchScreen_Generation = YES;
				INFOPLIST_KEY_UISupportedInterfaceOrientations_iPad = "UIInterfaceOrientationPortrait UIInterfaceOrientationPortraitUpsideDown UIInterfaceOrientationLandscapeLeft UIInterfaceOrientationLandscapeRight";
				INFOPLIST_KEY_UISupportedInterfaceOrientations_iPhone = "UIInterfaceOrientationPortrait UIInterfaceOrientationLandscapeLeft UIInterfaceOrientationLandscapeRight";
				LD_RUNPATH_SEARCH_PATHS = (
					"$(inherited)",
					"@executable_path/Frameworks",
				);
				MARKETING_VERSION = 1.0;
				PRODUCT_BUNDLE_IDENTIFIER = "com.xpaso.Scrumdinger-SO";
				PRODUCT_NAME = "$(TARGET_NAME)";
				SWIFT_EMIT_LOC_STRINGS = YES;
				SWIFT_VERSION = 5.0;
				TARGETED_DEVICE_FAMILY = "1,2";
			};
			name = Release;
		};
/* End XCBuildConfiguration section */

/* Begin XCConfigurationList section */
		49A1113C27EE4B31000D22C1 /* Build configuration list for PBXProject "Scrumdinger-SO" */ = {
			isa = XCConfigurationList;
			buildConfigurations = (
				49A1114D27EE4B32000D22C1 /* Debug */,
				49A1114E27EE4B32000D22C1 /* Release */,
			);
			defaultConfigurationIsVisible = 0;
			defaultConfigurationName = Release;
		};
		49A1114F27EE4B32000D22C1 /* Build configuration list for PBXNativeTarget "Scrumdinger-SO" */ = {
			isa = XCConfigurationList;
			buildConfigurations = (
				49A1115027EE4B32000D22C1 /* Debug */,
				49A1115127EE4B32000D22C1 /* Release */,
			);
			defaultConfigurationIsVisible = 0;
			defaultConfigurationName = Release;
		};
/* End XCConfigurationList section */
	};
	rootObject = 49A1113927EE4B31000D22C1 /* Project object */;
}
